
Microsoft Visual Studio Solution File, Format Version 12.00
# Visual Studio Version 17
VisualStudioVersion = 17.10.35027.167
MinimumVisualStudioVersion = 10.0.40219.1
Project("{FAE04EC0-301F-11D3-BF4B-00C04F79EFBC}") = "ConceptoDeAppParaReserva", "ConceptoDeAppParaReserva.csproj", "{A6A50765-2B6B-4019-AEA2-ED878DD8EE5E}"
EndProject
Global
	GlobalSection(SolutionConfigurationPlatforms) = preSolution
		Debug|Any CPU = Debug|Any CPU
		Release|Any CPU = Release|Any CPU
	EndGlobalSection
	GlobalSection(ProjectConfigurationPlatforms) = postSolution
		{A6A50765-2B6B-4019-AEA2-ED878DD8EE5E}.Debug|Any CPU.ActiveCfg = Debug|Any CPU
		{A6A50765-2B6B-4019-AEA2-ED878DD8EE5E}.Debug|Any CPU.Build.0 = Debug|Any CPU
		{A6A50765-2B6B-4019-AEA2-ED878DD8EE5E}.Release|Any CPU.ActiveCfg = Release|Any CPU
		{A6A50765-2B6B-4019-AEA2-ED878DD8EE5E}.Release|Any CPU.Build.0 = Release|Any CPU
	EndGlobalSection
	GlobalSection(SolutionProperties) = preSolution
		HideSolutionNode = FALSE
	EndGlobalSection
	GlobalSection(ExtensibilityGlobals) = postSolution
		SolutionGuid = {1EF4B8F1-4214-4B96-B148-B4451943E647}
	EndGlobalSection
EndGlobal
